
Microsoft Visual Studio Solution File, Format Version 11.00
# Visual Studio 2010
Project("{FAE04EC0-301F-11D3-BF4B-00C04F79EFBC}") = "DesignPattern", "Assembly-CSharp.csproj", "{7D7E9693-3554-CDB7-F023-AEE40A34B392}"
EndProject
Project("{FAE04EC0-301F-11D3-BF4B-00C04F79EFBC}") = "DesignPattern", "Assembly-CSharp-Editor.csproj", "{CFF660FE-F86B-C46A-45C1-7AA083D6762C}"
EndProject
Global
	GlobalSection(SolutionConfigurationPlatforms) = preSolution
		Debug|Any CPU = Debug|Any CPU
		Release|Any CPU = Release|Any CPU
	EndGlobalSection
	GlobalSection(ProjectConfigurationPlatforms) = postSolution
		{7D7E9693-3554-CDB7-F023-AEE40A34B392}.Debug|Any CPU.ActiveCfg = Debug|Any CPU
		{7D7E9693-3554-CDB7-F023-AEE40A34B392}.Debug|Any CPU.Build.0 = Debug|Any CPU
		{7D7E9693-3554-CDB7-F023-AEE40A34B392}.Release|Any CPU.ActiveCfg = Release|Any CPU
		{7D7E9693-3554-CDB7-F023-AEE40A34B392}.Release|Any CPU.Build.0 = Release|Any CPU
		{CFF660FE-F86B-C46A-45C1-7AA083D6762C}.Debug|Any CPU.ActiveCfg = Debug|Any CPU
		{CFF660FE-F86B-C46A-45C1-7AA083D6762C}.Debug|Any CPU.Build.0 = Debug|Any CPU
		{CFF660FE-F86B-C46A-45C1-7AA083D6762C}.Release|Any CPU.ActiveCfg = Release|Any CPU
		{CFF660FE-F86B-C46A-45C1-7AA083D6762C}.Release|Any CPU.Build.0 = Release|Any CPU
	EndGlobalSection
	GlobalSection(SolutionProperties) = preSolution
		HideSolutionNode = FALSE
	EndGlobalSection
	GlobalSection(MonoDevelopProperties) = preSolution
		StartupItem = Assembly-CSharp.csproj
	EndGlobalSection
EndGlobal
